{
  "name": "auth-lib",
  "version": "0.0.1",
  "lockfileVersion": 1,
  "requires": true,
  "dependencies": {
    "@auth0/angular-jwt": {
      "version": "5.0.2",
      "resolved": "https://registry.npmjs.org/@auth0/angular-jwt/-/angular-jwt-5.0.2.tgz",
      "integrity": "sha512-rSamC9mu+gUxoR86AXcIo+KD7xRIro+/iu1F2Ld85YAZEVKlpB5vYG+g0yGaEOqjtQWP/i0H6fi6XMGPVHSYYQ==",
      "requires": {
        "tslib": "^2.0.0"
      },
      "dependencies": {
        "tslib": {
          "version": "2.4.0",
          "resolved": "https://registry.npmjs.org/tslib/-/tslib-2.4.0.tgz",
          "integrity": "sha512-d6xOpEDfsi2CZVlPQzGeux8XMwLT9hssAsaPYExaQMuYskwb+x1x7J371tWlbBdWHroy99KnVB6qIkUbs5X3UQ=="
        }
      }
    }
  }
}
